[[package]]
name = "pulp"
version = "2.7.0"
description = "PuLP is an LP modeler written in python. PuLP can generate MPS or LP files and call GLPK, COIN CLP/CBC, CPLEX, and GUROBI to solve linear problems."
category = "main"
optional = false
python-versions = "*"

[metadata]
lock-version = "1.1"
python-versions = "^3.10"
content-hash = "08b3c09db4f224504911b4c375f5eb3bc424854e7c40cfc0575e90baeca55ea2"

[metadata.files]
pulp = []
