[[package]]
name = "pulp"
version = "2.7.0"
description = "PuLP is an LP modeler written in python. PuLP can generate MPS or LP files and call GLPK, COIN CLP/CBC, CPLEX, and GUROBI to solve linear problems."
category = "main"
optional = false
python-versions = "*"

[metadata]
lock-version = "1.1"
python-versions = "^3.11"
content-hash = "58a4d6f258f515f5d14ff3a17047aa6be7a5870b1fe62010f7d368ea31ad218a"

[metadata.files]
pulp = []
